
Microsoft Visual Studio Solution File, Format Version 12.00
# Visual Studio Version 16
VisualStudioVersion = 16.0.29326.143
MinimumVisualStudioVersion = 10.0.40219.1
Project("{8BC9CEB8-8B4A-11D0-8D11-00A0C91BC942}") = "smoothing_filter", "smoothing_filter\smoothing_filter.vcxproj", "{BBB6A18A-B2EF-4E6C-B78E-F5C60CB6CAE4}"
EndProject
Global
	GlobalSection(SolutionConfigurationPlatforms) = preSolution
		Debug|x64 = Debug|x64
		Debug|x86 = Debug|x86
		Release|x64 = Release|x64
		Release|x86 = Release|x86
	EndGlobalSection
	GlobalSection(ProjectConfigurationPlatforms) = postSolution
		{BBB6A18A-B2EF-4E6C-B78E-F5C60CB6CAE4}.Debug|x64.ActiveCfg = Debug|x64
		{BBB6A18A-B2EF-4E6C-B78E-F5C60CB6CAE4}.Debug|x64.Build.0 = Debug|x64
		{BBB6A18A-B2EF-4E6C-B78E-F5C60CB6CAE4}.Debug|x86.ActiveCfg = Debug|Win32
		{BBB6A18A-B2EF-4E6C-B78E-F5C60CB6CAE4}.Debug|x86.Build.0 = Debug|Win32
		{BBB6A18A-B2EF-4E6C-B78E-F5C60CB6CAE4}.Release|x64.ActiveCfg = Release|x64
		{BBB6A18A-B2EF-4E6C-B78E-F5C60CB6CAE4}.Release|x64.Build.0 = Release|x64
		{BBB6A18A-B2EF-4E6C-B78E-F5C60CB6CAE4}.Release|x86.ActiveCfg = Release|Win32
		{BBB6A18A-B2EF-4E6C-B78E-F5C60CB6CAE4}.Release|x86.Build.0 = Release|Win32
	EndGlobalSection
	GlobalSection(SolutionProperties) = preSolution
		HideSolutionNode = FALSE
	EndGlobalSection
	GlobalSection(ExtensibilityGlobals) = postSolution
		SolutionGuid = {C1827056-8585-4AAF-B0E1-77BCE227A1FF}
	EndGlobalSection
EndGlobal
