
Microsoft Visual Studio Solution File, Format Version 12.00
# Visual Studio Version 16
VisualStudioVersion = 16.0.29326.143
MinimumVisualStudioVersion = 10.0.40219.1
Project("{8BC9CEB8-8B4A-11D0-8D11-00A0C91BC942}") = "ConsoleApplication1", "ConsoleApplication1\ConsoleApplication1.vcxproj", "{02654ABC-AFC3-4BEE-B0F4-F051728372BB}"
EndProject
Global
	GlobalSection(SolutionConfigurationPlatforms) = preSolution
		Debug|x64 = Debug|x64
		Debug|x86 = Debug|x86
		Release|x64 = Release|x64
		Release|x86 = Release|x86
	EndGlobalSection
	GlobalSection(ProjectConfigurationPlatforms) = postSolution
		{02654ABC-AFC3-4BEE-B0F4-F051728372BB}.Debug|x64.ActiveCfg = Debug|x64
		{02654ABC-AFC3-4BEE-B0F4-F051728372BB}.Debug|x64.Build.0 = Debug|x64
		{02654ABC-AFC3-4BEE-B0F4-F051728372BB}.Debug|x86.ActiveCfg = Debug|Win32
		{02654ABC-AFC3-4BEE-B0F4-F051728372BB}.Debug|x86.Build.0 = Debug|Win32
		{02654ABC-AFC3-4BEE-B0F4-F051728372BB}.Release|x64.ActiveCfg = Release|x64
		{02654ABC-AFC3-4BEE-B0F4-F051728372BB}.Release|x64.Build.0 = Release|x64
		{02654ABC-AFC3-4BEE-B0F4-F051728372BB}.Release|x86.ActiveCfg = Release|Win32
		{02654ABC-AFC3-4BEE-B0F4-F051728372BB}.Release|x86.Build.0 = Release|Win32
	EndGlobalSection
	GlobalSection(SolutionProperties) = preSolution
		HideSolutionNode = FALSE
	EndGlobalSection
	GlobalSection(ExtensibilityGlobals) = postSolution
		SolutionGuid = {5CCF1603-94D1-4A33-8706-2F6E6480E365}
	EndGlobalSection
EndGlobal
